hash: c9b1f55459b2a986ad083e806610f24b2d2dc039e1f378fedef2348660a0973b
updated: 2018-01-23T11:44:10.996322555-08:00
imports:
- name: github.com/at15/go.ice
  version: 5a84cf7d5c684c981c92528b2f7c1fa6cc02c53b
  vcs: git
- name: github.com/dyweb/gommon
  version: 415a3166123eb80230e9d9e3fb6623efa51530ba
  subpackages:
  - log
  - structure
  - util/hashutil
  - util/runtimeutil
testImports:
- name: github.com/stretchr/testify
  version: f6abca593680b2315d2075e0f5e2a9751e3f431a
  vcs: git
