# This file is autogenerated, do not edit; changes may be undone by the next 'dep ensure'.


[[projects]]
  name = "github.com/dyweb/gommon"
  packages = [
    "log",
    "structure",
    "util/color",
    "util/hashutil",
    "util/runtimeutil"
  ]
  revision = "e5dc69af993b5eded9b8ee55835c53e142c231e7"
  version = "v0.0.3"

[solve-meta]
  analyzer-name = "dep"
  analyzer-version = 1
  inputs-digest = "2ca059e7d7a85ed671fbb33e55c57233841b3a3c6d4112530a14503ba91f102a"
  solver-name = "gps-cdcl"
  solver-version = 1
